
Microsoft Visual Studio Solution File, Format Version 12.00
# Visual Studio Version 17
VisualStudioVersion = 17.7.34031.279
MinimumVisualStudioVersion = 10.0.40219.1
Project("{9A19103F-16F7-4668-BE54-9A1E7A4F7556}") = "EncryptionAndDecryptionWebService", "EncryptionAndDecryptionWebService\EncryptionAndDecryptionWebService.csproj", "{D93C879F-8B4E-4BB7-A0E3-8BB0869A42BC}"
EndProject
Global
	GlobalSection(SolutionConfigurationPlatforms) = preSolution
		Debug|Any CPU = Debug|Any CPU
		Release|Any CPU = Release|Any CPU
	EndGlobalSection
	GlobalSection(ProjectConfigurationPlatforms) = postSolution
		{D93C879F-8B4E-4BB7-A0E3-8BB0869A42BC}.Debug|Any CPU.ActiveCfg = Debug|Any CPU
		{D93C879F-8B4E-4BB7-A0E3-8BB0869A42BC}.Debug|Any CPU.Build.0 = Debug|Any CPU
		{D93C879F-8B4E-4BB7-A0E3-8BB0869A42BC}.Release|Any CPU.ActiveCfg = Release|Any CPU
		{D93C879F-8B4E-4BB7-A0E3-8BB0869A42BC}.Release|Any CPU.Build.0 = Release|Any CPU
	EndGlobalSection
	GlobalSection(SolutionProperties) = preSolution
		HideSolutionNode = FALSE
	EndGlobalSection
	GlobalSection(ExtensibilityGlobals) = postSolution
		SolutionGuid = {5721E907-F141-4300-82BD-1FF631447126}
	EndGlobalSection
EndGlobal
